
Microsoft Visual Studio Solution File, Format Version 12.00
# Visual Studio Version 17
VisualStudioVersion = 17.5.002.0
MinimumVisualStudioVersion = 10.0.40219.1
Project("{9A19103F-16F7-4668-BE54-9A1E7A4F7556}") = "Aula01", "Aula01.csproj", "{52D56933-F8EF-4889-957A-505985CCDD2A}"
EndProject
Global
	GlobalSection(SolutionConfigurationPlatforms) = preSolution
		Debug|Any CPU = Debug|Any CPU
		Release|Any CPU = Release|Any CPU
	EndGlobalSection
	GlobalSection(ProjectConfigurationPlatforms) = postSolution
		{52D56933-F8EF-4889-957A-505985CCDD2A}.Debug|Any CPU.ActiveCfg = Debug|Any CPU
		{52D56933-F8EF-4889-957A-505985CCDD2A}.Debug|Any CPU.Build.0 = Debug|Any CPU
		{52D56933-F8EF-4889-957A-505985CCDD2A}.Release|Any CPU.ActiveCfg = Release|Any CPU
		{52D56933-F8EF-4889-957A-505985CCDD2A}.Release|Any CPU.Build.0 = Release|Any CPU
	EndGlobalSection
	GlobalSection(SolutionProperties) = preSolution
		HideSolutionNode = FALSE
	EndGlobalSection
	GlobalSection(ExtensibilityGlobals) = postSolution
		SolutionGuid = {0EEFFA56-2665-4015-91E7-F07265F94B0C}
	EndGlobalSection
EndGlobal
